// !$*UTF8*$!
{
	archiveVersion = 1;
	classes = {
	};
	objectVersion = 56;
	objects = {

/* Begin PBXBuildFile section */
		C217FEDB29A5420B00BB317F /* DarwinGeneratorApp.swift in Sources */ = {isa = PBXBuildFile; fileRef = C217FEDA29A5420B00BB317F /* DarwinGeneratorApp.swift */; };
		C217FEDD29A5420B00BB317F /* PasswordGeneratorView.swift in Sources */ = {isa = PBXBuildFile; fileRef = C217FEDC29A5420B00BB317F /* PasswordGeneratorView.swift */; };
		C217FEDF29A5420C00BB317F /* Assets.xcassets in Resources */ = {isa = PBXBuildFile; fileRef = C217FEDE29A5420C00BB317F /* Assets.xcassets */; };
		C217FEE229A5420C00BB317F /* Preview Assets.xcassets in Resources */ = {isa = PBXBuildFile; fileRef = C217FEE129A5420C00BB317F /* Preview Assets.xcassets */; };
		C217FEEC29A5420D00BB317F /* DarwinGeneratorTests.swift in Sources */ = {isa = PBXBuildFile; fileRef = C217FEEB29A5420D00BB317F /* DarwinGeneratorTests.swift */; };
		C217FEF629A5420D00BB317F /* DarwinGeneratorUITests.swift in Sources */ = {isa = PBXBuildFile; fileRef = C217FEF529A5420D00BB317F /* DarwinGeneratorUITests.swift */; };
		C217FEF829A5420D00BB317F /* DarwinGeneratorUITestsLaunchTests.swift in Sources */ = {isa = PBXBuildFile; fileRef = C217FEF729A5420D00BB317F /* DarwinGeneratorUITestsLaunchTests.swift */; };
		C217FF0529A542AD00BB317F /* PasswordGeneratorViewModel.swift in Sources */ = {isa = PBXBuildFile; fileRef = C217FF0429A542AD00BB317F /* PasswordGeneratorViewModel.swift */; };
		C217FF0729A543B900BB317F /* BookService.swift in Sources */ = {isa = PBXBuildFile; fileRef = C217FF0629A543B900BB317F /* BookService.swift */; };
		C217FF0929A546D200BB317F /* NetworkError.swift in Sources */ = {isa = PBXBuildFile; fileRef = C217FF0829A546D200BB317F /* NetworkError.swift */; };
		C217FF0B29A5479300BB317F /* InformationState.swift in Sources */ = {isa = PBXBuildFile; fileRef = C217FF0A29A5479300BB317F /* InformationState.swift */; };
		C217FF0D29A596F600BB317F /* PasswordCharacter.swift in Sources */ = {isa = PBXBuildFile; fileRef = C217FF0C29A596F600BB317F /* PasswordCharacter.swift */; };
		C217FF1529A6DA1500BB317F /* PasswordCharacterItem.swift in Sources */ = {isa = PBXBuildFile; fileRef = C217FF1429A6DA1500BB317F /* PasswordCharacterItem.swift */; };
/* End PBXBuildFile section */

/* Begin PBXContainerItemProxy section */
		C217FEE829A5420D00BB317F /* PBXContainerItemProxy */ = {
			isa = PBXContainerItemProxy;
			containerPortal = C217FECF29A5420B00BB317F /* Project object */;
			proxyType = 1;
			remoteGlobalIDString = C217FED629A5420B00BB317F;
			remoteInfo = DarwinGenerator;
		};
		C217FEF229A5420D00BB317F /* PBXContainerItemProxy */ = {
			isa = PBXContainerItemProxy;
			containerPortal = C217FECF29A5420B00BB317F /* Project object */;
			proxyType = 1;
			remoteGlobalIDString = C217FED629A5420B00BB317F;
			remoteInfo = DarwinGenerator;
		};
/* End PBXContainerItemProxy section */

/* Begin PBXFileReference section */
		C217FED729A5420B00BB317F /* DarwinGenerator.app */ = {isa = PBXFileReference; explicitFileType = wrapper.application; includeInIndex = 0; path = DarwinGenerator.app; sourceTree = BUILT_PRODUCTS_DIR; };
		C217FEDA29A5420B00BB317F /* DarwinGeneratorApp.swift */ = {isa = PBXFileReference; lastKnownFileType = sourcecode.swift; path = DarwinGeneratorApp.swift; sourceTree = "<group>"; };
		C217FEDC29A5420B00BB317F /* PasswordGeneratorView.swift */ = {isa = PBXFileReference; lastKnownFileType = sourcecode.swift; path = PasswordGeneratorView.swift; sourceTree = "<group>"; };
		C217FEDE29A5420C00BB317F /* Assets.xcassets */ = {isa = PBXFileReference; lastKnownFileType = folder.assetcatalog; path = Assets.xcassets; sourceTree = "<group>"; };
		C217FEE129A5420C00BB317F /* Preview Assets.xcassets */ = {isa = PBXFileReference; lastKnownFileType = folder.assetcatalog; path = "Preview Assets.xcassets"; sourceTree = "<group>"; };
		C217FEE729A5420D00BB317F /* DarwinGeneratorTests.xctest */ = {isa = PBXFileReference; explicitFileType = wrapper.cfbundle; includeInIndex = 0; path = DarwinGeneratorTests.xctest; sourceTree = BUILT_PRODUCTS_DIR; };
		C217FEEB29A5420D00BB317F /* DarwinGeneratorTests.swift */ = {isa = PBXFileReference; lastKnownFileType = sourcecode.swift; path = DarwinGeneratorTests.swift; sourceTree = "<group>"; };
		C217FEF129A5420D00BB317F /* DarwinGeneratorUITests.xctest */ = {isa = PBXFileReference; explicitFileType = wrapper.cfbundle; includeInIndex = 0; path = DarwinGeneratorUITests.xctest; sourceTree = BUILT_PRODUCTS_DIR; };
		C217FEF529A5420D00BB317F /* DarwinGeneratorUITests.swift */ = {isa = PBXFileReference; lastKnownFileType = sourcecode.swift; path = DarwinGeneratorUITests.swift; sourceTree = "<group>"; };
		C217FEF729A5420D00BB317F /* DarwinGeneratorUITestsLaunchTests.swift */ = {isa = PBXFileReference; lastKnownFileType = sourcecode.swift; path = DarwinGeneratorUITestsLaunchTests.swift; sourceTree = "<group>"; };
		C217FF0429A542AD00BB317F /* PasswordGeneratorViewModel.swift */ = {isa = PBXFileReference; lastKnownFileType = sourcecode.swift; path = PasswordGeneratorViewModel.swift; sourceTree = "<group>"; };
		C217FF0629A543B900BB317F /* BookService.swift */ = {isa = PBXFileReference; lastKnownFileType = sourcecode.swift; path = BookService.swift; sourceTree = "<group>"; };
		C217FF0829A546D200BB317F /* NetworkError.swift */ = {isa = PBXFileReference; lastKnownFileType = sourcecode.swift; path = NetworkError.swift; sourceTree = "<group>"; };
		C217FF0A29A5479300BB317F /* InformationState.swift */ = {isa = PBXFileReference; lastKnownFileType = sourcecode.swift; path = InformationState.swift; sourceTree = "<group>"; };
		C217FF0C29A596F600BB317F /* PasswordCharacter.swift */ = {isa = PBXFileReference; lastKnownFileType = sourcecode.swift; path = PasswordCharacter.swift; sourceTree = "<group>"; };
		C217FF1429A6DA1500BB317F /* PasswordCharacterItem.swift */ = {isa = PBXFileReference; lastKnownFileType = sourcecode.swift; path = PasswordCharacterItem.swift; sourceTree = "<group>"; };
/* End PBXFileReference section */

/* Begin PBXFrameworksBuildPhase section */
		C217FED429A5420B00BB317F /* Frameworks */ = {
			isa = PBXFrameworksBuildPhase;
			buildActionMask = 2147483647;
			files = (
			);
			runOnlyForDeploymentPostprocessing = 0;
		};
		C217FEE429A5420D00BB317F /* Frameworks */ = {
			isa = PBXFrameworksBuildPhase;
			buildActionMask = 2147483647;
			files = (
			);
			runOnlyForDeploymentPostprocessing = 0;
		};
		C217FEEE29A5420D00BB317F /* Frameworks */ = {
			isa = PBXFrameworksBuildPhase;
			buildActionMask = 2147483647;
			files = (
			);
			runOnlyForDeploymentPostprocessing = 0;
		};
/* End PBXFrameworksBuildPhase section */

/* Begin PBXGroup section */
		C217FECE29A5420B00BB317F = {
			isa = PBXGroup;
			children = (
				C217FED929A5420B00BB317F /* DarwinGenerator */,
				C217FEEA29A5420D00BB317F /* DarwinGeneratorTests */,
				C217FEF429A5420D00BB317F /* DarwinGeneratorUITests */,
				C217FED829A5420B00BB317F /* Products */,
			);
			sourceTree = "<group>";
		};
		C217FED829A5420B00BB317F /* Products */ = {
			isa = PBXGroup;
			children = (
				C217FED729A5420B00BB317F /* DarwinGenerator.app */,
				C217FEE729A5420D00BB317F /* DarwinGeneratorTests.xctest */,
				C217FEF129A5420D00BB317F /* DarwinGeneratorUITests.xctest */,
			);
			name = Products;
			sourceTree = "<group>";
		};
		C217FED929A5420B00BB317F /* DarwinGenerator */ = {
			isa = PBXGroup;
			children = (
				C217FEDA29A5420B00BB317F /* DarwinGeneratorApp.swift */,
				C217FEDC29A5420B00BB317F /* PasswordGeneratorView.swift */,
				C217FF0429A542AD00BB317F /* PasswordGeneratorViewModel.swift */,
				C217FF1429A6DA1500BB317F /* PasswordCharacterItem.swift */,
				C217FF0629A543B900BB317F /* BookService.swift */,
				C217FF0829A546D200BB317F /* NetworkError.swift */,
				C217FF0A29A5479300BB317F /* InformationState.swift */,
				C217FF0C29A596F600BB317F /* PasswordCharacter.swift */,
				C217FEDE29A5420C00BB317F /* Assets.xcassets */,
				C217FEE029A5420C00BB317F /* Preview Content */,
			);
			path = DarwinGenerator;
			sourceTree = "<group>";
		};
		C217FEE029A5420C00BB317F /* Preview Content */ = {
			isa = PBXGroup;
			children = (
				C217FEE129A5420C00BB317F /* Preview Assets.xcassets */,
			);
			path = "Preview Content";
			sourceTree = "<group>";
		};
		C217FEEA29A5420D00BB317F /* DarwinGeneratorTests */ = {
			isa = PBXGroup;
			children = (
				C217FEEB29A5420D00BB317F /* DarwinGeneratorTests.swift */,
			);
			path = DarwinGeneratorTests;
			sourceTree = "<group>";
		};
		C217FEF429A5420D00BB317F /* DarwinGeneratorUITests */ = {
			isa = PBXGroup;
			children = (
				C217FEF529A5420D00BB317F /* DarwinGeneratorUITests.swift */,
				C217FEF729A5420D00BB317F /* DarwinGeneratorUITestsLaunchTests.swift */,
			);
			path = DarwinGeneratorUITests;
			sourceTree = "<group>";
		};
/* End PBXGroup section */

/* Begin PBXNativeTarget section */
		C217FED629A5420B00BB317F /* DarwinGenerator */ = {
			isa = PBXNativeTarget;
			buildConfigurationList = C217FEFB29A5420D00BB317F /* Build configuration list for PBXNativeTarget "DarwinGenerator" */;
			buildPhases = (
				C217FED329A5420B00BB317F /* Sources */,
				C217FED429A5420B00BB317F /* Frameworks */,
				C217FED529A5420B00BB317F /* Resources */,
			);
			buildRules = (
			);
			dependencies = (
			);
			name = DarwinGenerator;
			productName = DarwinGenerator;
			productReference = C217FED729A5420B00BB317F /* DarwinGenerator.app */;
			productType = "com.apple.product-type.application";
		};
		C217FEE629A5420D00BB317F /* DarwinGeneratorTests */ = {
			isa = PBXNativeTarget;
			buildConfigurationList = C217FEFE29A5420D00BB317F /* Build configuration list for PBXNativeTarget "DarwinGeneratorTests" */;
			buildPhases = (
				C217FEE329A5420D00BB317F /* Sources */,
				C217FEE429A5420D00BB317F /* Frameworks */,
				C217FEE529A5420D00BB317F /* Resources */,
			);
			buildRules = (
			);
			dependencies = (
				C217FEE929A5420D00BB317F /* PBXTargetDependency */,
			);
			name = DarwinGeneratorTests;
			productName = DarwinGeneratorTests;
			productReference = C217FEE729A5420D00BB317F /* DarwinGeneratorTests.xctest */;
			productType = "com.apple.product-type.bundle.unit-test";
		};
		C217FEF029A5420D00BB317F /* DarwinGeneratorUITests */ = {
			isa = PBXNativeTarget;
			buildConfigurationList = C217FF0129A5420D00BB317F /* Build configuration list for PBXNativeTarget "DarwinGeneratorUITests" */;
			buildPhases = (
				C217FEED29A5420D00BB317F /* Sources */,
				C217FEEE29A5420D00BB317F /* Frameworks */,
				C217FEEF29A5420D00BB317F /* Resources */,
			);
			buildRules = (
			);
			dependencies = (
				C217FEF329A5420D00BB317F /* PBXTargetDependency */,
			);
			name = DarwinGeneratorUITests;
			productName = DarwinGeneratorUITests;
			productReference = C217FEF129A5420D00BB317F /* DarwinGeneratorUITests.xctest */;
			productType = "com.apple.product-type.bundle.ui-testing";
		};
/* End PBXNativeTarget section */

/* Begin PBXProject section */
		C217FECF29A5420B00BB317F /* Project object */ = {
			isa = PBXProject;
			attributes = {
				BuildIndependentTargetsInParallel = 1;
				LastSwiftUpdateCheck = 1420;
				LastUpgradeCheck = 1420;
				TargetAttributes = {
					C217FED629A5420B00BB317F = {
						CreatedOnToolsVersion = 14.2;
					};
					C217FEE629A5420D00BB317F = {
						CreatedOnToolsVersion = 14.2;
						TestTargetID = C217FED629A5420B00BB317F;
					};
					C217FEF029A5420D00BB317F = {
						CreatedOnToolsVersion = 14.2;
						TestTargetID = C217FED629A5420B00BB317F;
					};
				};
			};
			buildConfigurationList = C217FED229A5420B00BB317F /* Build configuration list for PBXProject "DarwinGenerator" */;
			compatibilityVersion = "Xcode 14.0";
			developmentRegion = en;
			hasScannedForEncodings = 0;
			knownRegions = (
				en,
				Base,
			);
			mainGroup = C217FECE29A5420B00BB317F;
			productRefGroup = C217FED829A5420B00BB317F /* Products */;
			projectDirPath = "";
			projectRoot = "";
			targets = (
				C217FED629A5420B00BB317F /* DarwinGenerator */,
				C217FEE629A5420D00BB317F /* DarwinGeneratorTests */,
				C217FEF029A5420D00BB317F /* DarwinGeneratorUITests */,
			);
		};
/* End PBXProject section */

/* Begin PBXResourcesBuildPhase section */
		C217FED529A5420B00BB317F /* Resources */ = {
			isa = PBXResourcesBuildPhase;
			buildActionMask = 2147483647;
			files = (
				C217FEE229A5420C00BB317F /* Preview Assets.xcassets in Resources */,
				C217FEDF29A5420C00BB317F /* Assets.xcassets in Resources */,
			);
			runOnlyForDeploymentPostprocessing = 0;
		};
		C217FEE529A5420D00BB317F /* Resources */ = {
			isa = PBXResourcesBuildPhase;
			buildActionMask = 2147483647;
			files = (
			);
			runOnlyForDeploymentPostprocessing = 0;
		};
		C217FEEF29A5420D00BB317F /* Resources */ = {
			isa = PBXResourcesBuildPhase;
			buildActionMask = 2147483647;
			files = (
			);
			runOnlyForDeploymentPostprocessing = 0;
		};
/* End PBXResourcesBuildPhase section */

/* Begin PBXSourcesBuildPhase section */
		C217FED329A5420B00BB317F /* Sources */ = {
			isa = PBXSourcesBuildPhase;
			buildActionMask = 2147483647;
			files = (
				C217FF0729A543B900BB317F /* BookService.swift in Sources */,
				C217FEDD29A5420B00BB317F /* PasswordGeneratorView.swift in Sources */,
				C217FF0529A542AD00BB317F /* PasswordGeneratorViewModel.swift in Sources */,
				C217FEDB29A5420B00BB317F /* DarwinGeneratorApp.swift in Sources */,
				C217FF0B29A5479300BB317F /* InformationState.swift in Sources */,
				C217FF1529A6DA1500BB317F /* PasswordCharacterItem.swift in Sources */,
				C217FF0D29A596F600BB317F /* PasswordCharacter.swift in Sources */,
				C217FF0929A546D200BB317F /* NetworkError.swift in Sources */,
			);
			runOnlyForDeploymentPostprocessing = 0;
		};
		C217FEE329A5420D00BB317F /* Sources */ = {
			isa = PBXSourcesBuildPhase;
			buildActionMask = 2147483647;
			files = (
				C217FEEC29A5420D00BB317F /* DarwinGeneratorTests.swift in Sources */,
			);
			runOnlyForDeploymentPostprocessing = 0;
		};
		C217FEED29A5420D00BB317F /* Sources */ = {
			isa = PBXSourcesBuildPhase;
			buildActionMask = 2147483647;
			files = (
				C217FEF629A5420D00BB317F /* DarwinGeneratorUITests.swift in Sources */,
				C217FEF829A5420D00BB317F /* DarwinGeneratorUITestsLaunchTests.swift in Sources */,
			);
			runOnlyForDeploymentPostprocessing = 0;
		};
/* End PBXSourcesBuildPhase section */

/* Begin PBXTargetDependency section */
		C217FEE929A5420D00BB317F /* PBXTargetDependency */ = {
			isa = PBXTargetDependency;
			target = C217FED629A5420B00BB317F /* DarwinGenerator */;
			targetProxy = C217FEE829A5420D00BB317F /* PBXContainerItemProxy */;
		};
		C217FEF329A5420D00BB317F /* PBXTargetDependency */ = {
			isa = PBXTargetDependency;
			target = C217FED629A5420B00BB317F /* DarwinGenerator */;
			targetProxy = C217FEF229A5420D00BB317F /* PBXContainerItemProxy */;
		};
/* End PBXTargetDependency section */

/* Begin XCBuildConfiguration section */
		C217FEF929A5420D00BB317F /* Debug */ = {
			isa = XCBuildConfiguration;
			buildSettings = {
				ALWAYS_SEARCH_USER_PATHS = NO;
				CLANG_ANALYZER_NONNULL = YES;
				CLANG_ANALYZER_NUMBER_OBJECT_CONVERSION = YES_AGGRESSIVE;
				CLANG_CXX_LANGUAGE_STANDARD = "gnu++20";
				CLANG_ENABLE_MODULES = YES;
				CLANG_ENABLE_OBJC_ARC = YES;
				CLANG_ENABLE_OBJC_WEAK = YES;
				CLANG_WARN_BLOCK_CAPTURE_AUTORELEASING = YES;
				CLANG_WARN_BOOL_CONVERSION = YES;
				CLANG_WARN_COMMA = YES;
				CLANG_WARN_CONSTANT_CONVERSION = YES;
				CLANG_WARN_DEPRECATED_OBJC_IMPLEMENTATIONS = YES;
				CLANG_WARN_DIRECT_OBJC_ISA_USAGE = YES_ERROR;
				CLANG_WARN_DOCUMENTATION_COMMENTS = YES;
				CLANG_WARN_EMPTY_BODY = YES;
				CLANG_WARN_ENUM_CONVERSION = YES;
				CLANG_WARN_INFINITE_RECURSION = YES;
				CLANG_WARN_INT_CONVERSION = YES;
				CLANG_WARN_NON_LITERAL_NULL_CONVERSION = YES;
				CLANG_WARN_OBJC_IMPLICIT_RETAIN_SELF = YES;
				CLANG_WARN_OBJC_LITERAL_CONVERSION = YES;
				CLANG_WARN_OBJC_ROOT_CLASS = YES_ERROR;
				CLANG_WARN_QUOTED_INCLUDE_IN_FRAMEWORK_HEADER = YES;
				CLANG_WARN_RANGE_LOOP_ANALYSIS = YES;
				CLANG_WARN_STRICT_PROTOTYPES = YES;
				CLANG_WARN_SUSPICIOUS_MOVE = YES;
				CLANG_WARN_UNGUARDED_AVAILABILITY = YES_AGGRESSIVE;
				CLANG_WARN_UNREACHABLE_CODE = YES;
				CLANG_WARN__DUPLICATE_METHOD_MATCH = YES;
				COPY_PHASE_STRIP = NO;
				DEBUG_INFORMATION_FORMAT = dwarf;
				ENABLE_STRICT_OBJC_MSGSEND = YES;
				ENABLE_TESTABILITY = YES;
				GCC_C_LANGUAGE_STANDARD = gnu11;
				GCC_DYNAMIC_NO_PIC = NO;
				GCC_NO_COMMON_BLOCKS = YES;
				GCC_OPTIMIZATION_LEVEL = 0;
				GCC_PREPROCESSOR_DEFINITIONS = (
					"DEBUG=1",
					"$(inherited)",
				);
				GCC_WARN_64_TO_32_BIT_CONVERSION = YES;
				GCC_WARN_ABOUT_RETURN_TYPE = YES_ERROR;
				GCC_WARN_UNDECLARED_SELECTOR = YES;
				GCC_WARN_UNINITIALIZED_AUTOS = YES_AGGRESSIVE;
				GCC_WARN_UNUSED_FUNCTION = YES;
				GCC_WARN_UNUSED_VARIABLE = YES;
				IPHONEOS_DEPLOYMENT_TARGET = 16.2;
				MTL_ENABLE_DEBUG_INFO = INCLUDE_SOURCE;
				MTL_FAST_MATH = YES;
				ONLY_ACTIVE_ARCH = YES;
				SDKROOT = iphoneos;
				SWIFT_ACTIVE_COMPILATION_CONDITIONS = DEBUG;
				SWIFT_OPTIMIZATION_LEVEL = "-Onone";
			};
			name = Debug;
		};
		C217FEFA29A5420D00BB317F /* Release */ = {
			isa = XCBuildConfiguration;
			buildSettings = {
				ALWAYS_SEARCH_USER_PATHS = NO;
				CLANG_ANALYZER_NONNULL = YES;
				CLANG_ANALYZER_NUMBER_OBJECT_CONVERSION = YES_AGGRESSIVE;
				CLANG_CXX_LANGUAGE_STANDARD = "gnu++20";
				CLANG_ENABLE_MODULES = YES;
				CLANG_ENABLE_OBJC_ARC = YES;
				CLANG_ENABLE_OBJC_WEAK = YES;
				CLANG_WARN_BLOCK_CAPTURE_AUTORELEASING = YES;
				CLANG_WARN_BOOL_CONVERSION = YES;
				CLANG_WARN_COMMA = YES;
				CLANG_WARN_CONSTANT_CONVERSION = YES;
				CLANG_WARN_DEPRECATED_OBJC_IMPLEMENTATIONS = YES;
				CLANG_WARN_DIRECT_OBJC_ISA_USAGE = YES_ERROR;
				CLANG_WARN_DOCUMENTATION_COMMENTS = YES;
				CLANG_WARN_EMPTY_BODY = YES;
				CLANG_WARN_ENUM_CONVERSION = YES;
				CLANG_WARN_INFINITE_RECURSION = YES;
				CLANG_WARN_INT_CONVERSION = YES;
				CLANG_WARN_NON_LITERAL_NULL_CONVERSION = YES;
				CLANG_WARN_OBJC_IMPLICIT_RETAIN_SELF = YES;
				CLANG_WARN_OBJC_LITERAL_CONVERSION = YES;
				CLANG_WARN_OBJC_ROOT_CLASS = YES_ERROR;
				CLANG_WARN_QUOTED_INCLUDE_IN_FRAMEWORK_HEADER = YES;
				CLANG_WARN_RANGE_LOOP_ANALYSIS = YES;
				CLANG_WARN_STRICT_PROTOTYPES = YES;
				CLANG_WARN_SUSPICIOUS_MOVE = YES;
				CLANG_WARN_UNGUARDED_AVAILABILITY = YES_AGGRESSIVE;
				CLANG_WARN_UNREACHABLE_CODE = YES;
				CLANG_WARN__DUPLICATE_METHOD_MATCH = YES;
				COPY_PHASE_STRIP = NO;
				DEBUG_INFORMATION_FORMAT = "dwarf-with-dsym";
				ENABLE_NS_ASSERTIONS = NO;
				ENABLE_STRICT_OBJC_MSGSEND = YES;
				GCC_C_LANGUAGE_STANDARD = gnu11;
				GCC_NO_COMMON_BLOCKS = YES;
				GCC_WARN_64_TO_32_BIT_CONVERSION = YES;
				GCC_WARN_ABOUT_RETURN_TYPE = YES_ERROR;
				GCC_WARN_UNDECLARED_SELECTOR = YES;
				GCC_WARN_UNINITIALIZED_AUTOS = YES_AGGRESSIVE;
				GCC_WARN_UNUSED_FUNCTION = YES;
				GCC_WARN_UNUSED_VARIABLE = YES;
				IPHONEOS_DEPLOYMENT_TARGET = 16.2;
				MTL_ENABLE_DEBUG_INFO = NO;
				MTL_FAST_MATH = YES;
				SDKROOT = iphoneos;
				SWIFT_COMPILATION_MODE = wholemodule;
				SWIFT_OPTIMIZATION_LEVEL = "-O";
				VALIDATE_PRODUCT = YES;
			};
			name = Release;
		};
		C217FEFC29A5420D00BB317F /* Debug */ = {
			isa = XCBuildConfiguration;
			buildSettings = {
				ASSETCATALOG_COMPILER_APPICON_NAME = AppIcon;
				ASSETCATALOG_COMPILER_GLOBAL_ACCENT_COLOR_NAME = AccentColor;
				CODE_SIGN_STYLE = Automatic;
				CURRENT_PROJECT_VERSION = 1;
				DEVELOPMENT_ASSET_PATHS = "\"DarwinGenerator/Preview Content\"";
				ENABLE_PREVIEWS = YES;
				GENERATE_INFOPLIST_FILE = YES;
				INFOPLIST_KEY_UIApplicationSceneManifest_Generation = YES;
				INFOPLIST_KEY_UIApplicationSupportsIndirectInputEvents = YES;
				INFOPLIST_KEY_UILaunchScreen_Generation = YES;
				INFOPLIST_KEY_UISupportedInterfaceOrientations_iPad = "UIInterfaceOrientationPortrait UIInterfaceOrientationPortraitUpsideDown UIInterfaceOrientationLandscapeLeft UIInterfaceOrientationLandscapeRight";
				INFOPLIST_KEY_UISupportedInterfaceOrientations_iPhone = "UIInterfaceOrientationPortrait UIInterfaceOrientationLandscapeLeft UIInterfaceOrientationLandscapeRight";
				LD_RUNPATH_SEARCH_PATHS = (
					"$(inherited)",
					"@executable_path/Frameworks",
				);
				MARKETING_VERSION = 1.0;
				PRODUCT_BUNDLE_IDENTIFIER = com.lucasfarah.DarwinGenerator;
				PRODUCT_NAME = "$(TARGET_NAME)";
				SWIFT_EMIT_LOC_STRINGS = YES;
				SWIFT_VERSION = 5.0;
				TARGETED_DEVICE_FAMILY = "1,2";
			};
			name = Debug;
		};
		C217FEFD29A5420D00BB317F /* Release */ = {
			isa = XCBuildConfiguration;
			buildSettings = {
				ASSETCATALOG_COMPILER_APPICON_NAME = AppIcon;
				ASSETCATALOG_COMPILER_GLOBAL_ACCENT_COLOR_NAME = AccentColor;
				CODE_SIGN_STYLE = Automatic;
				CURRENT_PROJECT_VERSION = 1;
				DEVELOPMENT_ASSET_PATHS = "\"DarwinGenerator/Preview Content\"";
				ENABLE_PREVIEWS = YES;
				GENERATE_INFOPLIST_FILE = YES;
				INFOPLIST_KEY_UIApplicationSceneManifest_Generation = YES;
				INFOPLIST_KEY_UIApplicationSupportsIndirectInputEvents = YES;
				INFOPLIST_KEY_UILaunchScreen_Generation = YES;
				INFOPLIST_KEY_UISupportedInterfaceOrientations_iPad = "UIInterfaceOrientationPortrait UIInterfaceOrientationPortraitUpsideDown UIInterfaceOrientationLandscapeLeft UIInterfaceOrientationLandscapeRight";
				INFOPLIST_KEY_UISupportedInterfaceOrientations_iPhone = "UIInterfaceOrientationPortrait UIInterfaceOrientationLandscapeLeft UIInterfaceOrientationLandscapeRight";
				LD_RUNPATH_SEARCH_PATHS = (
					"$(inherited)",
					"@executable_path/Frameworks",
				);
				MARKETING_VERSION = 1.0;
				PRODUCT_BUNDLE_IDENTIFIER = com.lucasfarah.DarwinGenerator;
				PRODUCT_NAME = "$(TARGET_NAME)";
				SWIFT_EMIT_LOC_STRINGS = YES;
				SWIFT_VERSION = 5.0;
				TARGETED_DEVICE_FAMILY = "1,2";
			};
			name = Release;
		};
		C217FEFF29A5420D00BB317F /* Debug */ = {
			isa = XCBuildConfiguration;
			buildSettings = {
				ALWAYS_EMBED_SWIFT_STANDARD_LIBRARIES = YES;
				BUNDLE_LOADER = "$(TEST_HOST)";
				CODE_SIGN_STYLE = Automatic;
				CURRENT_PROJECT_VERSION = 1;
				GENERATE_INFOPLIST_FILE = YES;
				IPHONEOS_DEPLOYMENT_TARGET = 16.2;
				MARKETING_VERSION = 1.0;
				PRODUCT_BUNDLE_IDENTIFIER = com.lucasfarah.DarwinGeneratorTests;
				PRODUCT_NAME = "$(TARGET_NAME)";
				SWIFT_EMIT_LOC_STRINGS = NO;
				SWIFT_VERSION = 5.0;
				TARGETED_DEVICE_FAMILY = "1,2";
				TEST_HOST = "$(BUILT_PRODUCTS_DIR)/DarwinGenerator.app/$(BUNDLE_EXECUTABLE_FOLDER_PATH)/DarwinGenerator";
			};
			name = Debug;
		};
		C217FF0029A5420D00BB317F /* Release */ = {
			isa = XCBuildConfiguration;
			buildSettings = {
				ALWAYS_EMBED_SWIFT_STANDARD_LIBRARIES = YES;
				BUNDLE_LOADER = "$(TEST_HOST)";
				CODE_SIGN_STYLE = Automatic;
				CURRENT_PROJECT_VERSION = 1;
				GENERATE_INFOPLIST_FILE = YES;
				IPHONEOS_DEPLOYMENT_TARGET = 16.2;
				MARKETING_VERSION = 1.0;
				PRODUCT_BUNDLE_IDENTIFIER = com.lucasfarah.DarwinGeneratorTests;
				PRODUCT_NAME = "$(TARGET_NAME)";
				SWIFT_EMIT_LOC_STRINGS = NO;
				SWIFT_VERSION = 5.0;
				TARGETED_DEVICE_FAMILY = "1,2";
				TEST_HOST = "$(BUILT_PRODUCTS_DIR)/DarwinGenerator.app/$(BUNDLE_EXECUTABLE_FOLDER_PATH)/DarwinGenerator";
			};
			name = Release;
		};
		C217FF0229A5420D00BB317F /* Debug */ = {
			isa = XCBuildConfiguration;
			buildSettings = {
				ALWAYS_EMBED_SWIFT_STANDARD_LIBRARIES = YES;
				CODE_SIGN_STYLE = Automatic;
				CURRENT_PROJECT_VERSION = 1;
				GENERATE_INFOPLIST_FILE = YES;
				MARKETING_VERSION = 1.0;
				PRODUCT_BUNDLE_IDENTIFIER = com.lucasfarah.DarwinGeneratorUITests;
				PRODUCT_NAME = "$(TARGET_NAME)";
				SWIFT_EMIT_LOC_STRINGS = NO;
				SWIFT_VERSION = 5.0;
				TARGETED_DEVICE_FAMILY = "1,2";
				TEST_TARGET_NAME = DarwinGenerator;
			};
			name = Debug;
		};
		C217FF0329A5420D00BB317F /* Release */ = {
			isa = XCBuildConfiguration;
			buildSettings = {
				ALWAYS_EMBED_SWIFT_STANDARD_LIBRARIES = YES;
				CODE_SIGN_STYLE = Automatic;
				CURRENT_PROJECT_VERSION = 1;
				GENERATE_INFOPLIST_FILE = YES;
				MARKETING_VERSION = 1.0;
				PRODUCT_BUNDLE_IDENTIFIER = com.lucasfarah.DarwinGeneratorUITests;
				PRODUCT_NAME = "$(TARGET_NAME)";
				SWIFT_EMIT_LOC_STRINGS = NO;
				SWIFT_VERSION = 5.0;
				TARGETED_DEVICE_FAMILY = "1,2";
				TEST_TARGET_NAME = DarwinGenerator;
			};
			name = Release;
		};
/* End XCBuildConfiguration section */

/* Begin XCConfigurationList section */
		C217FED229A5420B00BB317F /* Build configuration list for PBXProject "DarwinGenerator" */ = {
			isa = XCConfigurationList;
			buildConfigurations = (
				C217FEF929A5420D00BB317F /* Debug */,
				C217FEFA29A5420D00BB317F /* Release */,
			);
			defaultConfigurationIsVisible = 0;
			defaultConfigurationName = Release;
		};
		C217FEFB29A5420D00BB317F /* Build configuration list for PBXNativeTarget "DarwinGenerator" */ = {
			isa = XCConfigurationList;
			buildConfigurations = (
				C217FEFC29A5420D00BB317F /* Debug */,
				C217FEFD29A5420D00BB317F /* Release */,
			);
			defaultConfigurationIsVisible = 0;
			defaultConfigurationName = Release;
		};
		C217FEFE29A5420D00BB317F /* Build configuration list for PBXNativeTarget "DarwinGeneratorTests" */ = {
			isa = XCConfigurationList;
			buildConfigurations = (
				C217FEFF29A5420D00BB317F /* Debug */,
				C217FF0029A5420D00BB317F /* Release */,
			);
			defaultConfigurationIsVisible = 0;
			defaultConfigurationName = Release;
		};
		C217FF0129A5420D00BB317F /* Build configuration list for PBXNativeTarget "DarwinGeneratorUITests" */ = {
			isa = XCConfigurationList;
			buildConfigurations = (
				C217FF0229A5420D00BB317F /* Debug */,
				C217FF0329A5420D00BB317F /* Release */,
			);
			defaultConfigurationIsVisible = 0;
			defaultConfigurationName = Release;
		};
/* End XCConfigurationList section */
	};
	rootObject = C217FECF29A5420B00BB317F /* Project object */;
}
